// !$*UTF8*$!
{
	archiveVersion = 1;
	classes = {
	};
	objectVersion = 46;
	objects = {

/* Begin PBXBuildFile section */
		7F30E2C41BA7300700B13EB6 /* SearchResultsHeaderView.m in Sources */ = {isa = PBXBuildFile; fileRef = 7F30E2C31BA7300700B13EB6 /* SearchResultsHeaderView.m */; };
		7F30E2C71BA8C20500B13EB6 /* nyan.png in Resources */ = {isa = PBXBuildFile; fileRef = 7F30E2C61BA8C20500B13EB6 /* nyan.png */; };
		7F30E2CA1BA9301A00B13EB6 /* GifCollectionViewCell.m in Sources */ = {isa = PBXBuildFile; fileRef = 7F30E2C91BA9301A00B13EB6 /* GifCollectionViewCell.m */; };
		7F30E2CC1BA9FD4F00B13EB6 /* MobileCoreServices.framework in Frameworks */ = {isa = PBXBuildFile; fileRef = 7F30E2CB1BA9FD4F00B13EB6 /* MobileCoreServices.framework */; };
		7FF77A421BA21D3D00F95108 /* main.m in Sources */ = {isa = PBXBuildFile; fileRef = 7FF77A411BA21D3D00F95108 /* main.m */; };
		7FF77A451BA21D3D00F95108 /* AppDelegate.m in Sources */ = {isa = PBXBuildFile; fileRef = 7FF77A441BA21D3D00F95108 /* AppDelegate.m */; };
		7FF77A4D1BA21D3D00F95108 /* Images.xcassets in Resources */ = {isa = PBXBuildFile; fileRef = 7FF77A4C1BA21D3D00F95108 /* Images.xcassets */; };
		7FF77A501BA21D3D00F95108 /* LaunchScreen.xib in Resources */ = {isa = PBXBuildFile; fileRef = 7FF77A4E1BA21D3D00F95108 /* LaunchScreen.xib */; };
		7FF77A5C1BA21D3E00F95108 /* GiphyClientTests.m in Sources */ = {isa = PBXBuildFile; fileRef = 7FF77A5B1BA21D3E00F95108 /* GiphyClientTests.m */; };
		7FF77A671BA31DD200F95108 /* TrendingViewController.m in Sources */ = {isa = PBXBuildFile; fileRef = 7FF77A661BA31DD200F95108 /* TrendingViewController.m */; };
		7FF77A6A1BA32AB300F95108 /* APIManager.m in Sources */ = {isa = PBXBuildFile; fileRef = 7FF77A691BA32AB300F95108 /* APIManager.m */; };
		7FF77A7D1BA3D82C00F95108 /* GifDisplayViewController.m in Sources */ = {isa = PBXBuildFile; fileRef = 7FF77A7C1BA3D82C00F95108 /* GifDisplayViewController.m */; };
		7FF77A801BA3DA7C00F95108 /* SingleGifViewController.m in Sources */ = {isa = PBXBuildFile; fileRef = 7FF77A7F1BA3DA7C00F95108 /* SingleGifViewController.m */; };
		7FF77A831BA3DCBD00F95108 /* SingleGifView.m in Sources */ = {isa = PBXBuildFile; fileRef = 7FF77A821BA3DCBD00F95108 /* SingleGifView.m */; };
		7FF77A8A1BA5EB0300F95108 /* SearchGifViewController.m in Sources */ = {isa = PBXBuildFile; fileRef = 7FF77A891BA5EB0300F95108 /* SearchGifViewController.m */; };
		B3E6E10CC1D5BC9C39EECE54 /* libPods.a in Frameworks */ = {isa = PBXBuildFile; fileRef = 7D86E3F272A850709A0EA1B7 /* libPods.a */; };
/* End PBXBuildFile section */

/* Begin PBXContainerItemProxy section */
		7FF77A561BA21D3E00F95108 /* PBXContainerItemProxy */ = {
			isa = PBXContainerItemProxy;
			containerPortal = 7FF77A341BA21D3D00F95108 /* Project object */;
			proxyType = 1;
			remoteGlobalIDString = 7FF77A3B1BA21D3D00F95108;
			remoteInfo = GiphyClient;
		};
/* End PBXContainerItemProxy section */

/* Begin PBXFileReference section */
		7D86E3F272A850709A0EA1B7 /* libPods.a */ = {isa = PBXFileReference; explicitFileType = archive.ar; includeInIndex = 0; path = libPods.a; sourceTree = BUILT_PRODUCTS_DIR; };
		7F30E2C21BA7300700B13EB6 /* SearchResultsHeaderView.h */ = {isa = PBXFileReference; fileEncoding = 4; lastKnownFileType = sourcecode.c.h; path = SearchResultsHeaderView.h; sourceTree = "<group>"; };
		7F30E2C31BA7300700B13EB6 /* SearchResultsHeaderView.m */ = {isa = PBXFileReference; fileEncoding = 4; lastKnownFileType = sourcecode.c.objc; path = SearchResultsHeaderView.m; sourceTree = "<group>"; };
		7F30E2C61BA8C20500B13EB6 /* nyan.png */ = {isa = PBXFileReference; lastKnownFileType = image.png; path = nyan.png; sourceTree = "<group>"; };
		7F30E2C81BA9301A00B13EB6 /* GifCollectionViewCell.h */ = {isa = PBXFileReference; fileEncoding = 4; lastKnownFileType = sourcecode.c.h; path = GifCollectionViewCell.h; sourceTree = "<group>"; };
		7F30E2C91BA9301A00B13EB6 /* GifCollectionViewCell.m */ = {isa = PBXFileReference; fileEncoding = 4; lastKnownFileType = sourcecode.c.objc; path = GifCollectionViewCell.m; sourceTree = "<group>"; };
		7F30E2CB1BA9FD4F00B13EB6 /* MobileCoreServices.framework */ = {isa = PBXFileReference; lastKnownFileType = wrapper.framework; name = MobileCoreServices.framework; path = System/Library/Frameworks/MobileCoreServices.framework; sourceTree = SDKROOT; };
		7FF77A3C1BA21D3D00F95108 /* GiphyClient.app */ = {isa = PBXFileReference; explicitFileType = wrapper.application; includeInIndex = 0; path = GiphyClient.app; sourceTree = BUILT_PRODUCTS_DIR; };
		7FF77A401BA21D3D00F95108 /* Info.plist */ = {isa = PBXFileReference; lastKnownFileType = text.plist.xml; path = Info.plist; sourceTree = "<group>"; };
		7FF77A411BA21D3D00F95108 /* main.m */ = {isa = PBXFileReference; lastKnownFileType = sourcecode.c.objc; path = main.m; sourceTree = "<group>"; };
		7FF77A431BA21D3D00F95108 /* AppDelegate.h */ = {isa = PBXFileReference; lastKnownFileType = sourcecode.c.h; path = AppDelegate.h; sourceTree = "<group>"; };
		7FF77A441BA21D3D00F95108 /* AppDelegate.m */ = {isa = PBXFileReference; lastKnownFileType = sourcecode.c.objc; path = AppDelegate.m; sourceTree = "<group>"; };
		7FF77A4C1BA21D3D00F95108 /* Images.xcassets */ = {isa = PBXFileReference; lastKnownFileType = folder.assetcatalog; name = Images.xcassets; path = GiphyClient/Images.xcassets; sourceTree = "<group>"; };
		7FF77A4F1BA21D3D00F95108 /* Base */ = {isa = PBXFileReference; lastKnownFileType = file.xib; name = Base; path = Base.lproj/LaunchScreen.xib; sourceTree = "<group>"; };
		7FF77A551BA21D3E00F95108 /* GiphyClientTests.xctest */ = {isa = PBXFileReference; explicitFileType = wrapper.cfbundle; includeInIndex = 0; path = GiphyClientTests.xctest; sourceTree = BUILT_PRODUCTS_DIR; };
		7FF77A5A1BA21D3E00F95108 /* Info.plist */ = {isa = PBXFileReference; lastKnownFileType = text.plist.xml; path = Info.plist; sourceTree = "<group>"; };
		7FF77A5B1BA21D3E00F95108 /* GiphyClientTests.m */ = {isa = PBXFileReference; lastKnownFileType = sourcecode.c.objc; path = GiphyClientTests.m; sourceTree = "<group>"; };
		7FF77A651BA31DD200F95108 /* TrendingViewController.h */ = {isa = PBXFileReference; fileEncoding = 4; lastKnownFileType = sourcecode.c.h; path = TrendingViewController.h; sourceTree = "<group>"; };
		7FF77A661BA31DD200F95108 /* TrendingViewController.m */ = {isa = PBXFileReference; fileEncoding = 4; lastKnownFileType = sourcecode.c.objc; path = TrendingViewController.m; sourceTree = "<group>"; };
		7FF77A681BA32AB300F95108 /* APIManager.h */ = {isa = PBXFileReference; fileEncoding = 4; lastKnownFileType = sourcecode.c.h; path = APIManager.h; sourceTree = "<group>"; };
		7FF77A691BA32AB300F95108 /* APIManager.m */ = {isa = PBXFileReference; fileEncoding = 4; lastKnownFileType = sourcecode.c.objc; path = APIManager.m; sourceTree = "<group>"; };
		7FF77A6B1BA3362100F95108 /* Constants.h */ = {isa = PBXFileReference; lastKnownFileType = sourcecode.c.h; path = Constants.h; sourceTree = "<group>"; };
		7FF77A7B1BA3D82C00F95108 /* GifDisplayViewController.h */ = {isa = PBXFileReference; fileEncoding = 4; lastKnownFileType = sourcecode.c.h; path = GifDisplayViewController.h; sourceTree = "<group>"; };
		7FF77A7C1BA3D82C00F95108 /* GifDisplayViewController.m */ = {isa = PBXFileReference; fileEncoding = 4; lastKnownFileType = sourcecode.c.objc; path = GifDisplayViewController.m; sourceTree = "<group>"; };
		7FF77A7E1BA3DA7C00F95108 /* SingleGifViewController.h */ = {isa = PBXFileReference; fileEncoding = 4; lastKnownFileType = sourcecode.c.h; path = SingleGifViewController.h; sourceTree = "<group>"; };
		7FF77A7F1BA3DA7C00F95108 /* SingleGifViewController.m */ = {isa = PBXFileReference; fileEncoding = 4; lastKnownFileType = sourcecode.c.objc; path = SingleGifViewController.m; sourceTree = "<group>"; };
		7FF77A811BA3DCBD00F95108 /* SingleGifView.h */ = {isa = PBXFileReference; fileEncoding = 4; lastKnownFileType = sourcecode.c.h; path = SingleGifView.h; sourceTree = "<group>"; };
		7FF77A821BA3DCBD00F95108 /* SingleGifView.m */ = {isa = PBXFileReference; fileEncoding = 4; lastKnownFileType = sourcecode.c.objc; path = SingleGifView.m; sourceTree = "<group>"; };
		7FF77A881BA5EB0300F95108 /* SearchGifViewController.h */ = {isa = PBXFileReference; fileEncoding = 4; lastKnownFileType = sourcecode.c.h; path = SearchGifViewController.h; sourceTree = "<group>"; };
		7FF77A891BA5EB0300F95108 /* SearchGifViewController.m */ = {isa = PBXFileReference; fileEncoding = 4; lastKnownFileType = sourcecode.c.objc; path = SearchGifViewController.m; sourceTree = "<group>"; };
		A034F8298B5D7D57738196F6 /* Pods.release.xcconfig */ = {isa = PBXFileReference; includeInIndex = 1; lastKnownFileType = text.xcconfig; name = Pods.release.xcconfig; path = "Pods/Target Support Files/Pods/Pods.release.xcconfig"; sourceTree = "<group>"; };
		E0EF5E59030D435DD4F4355B /* Pods.debug.xcconfig */ = {isa = PBXFileReference; includeInIndex = 1; lastKnownFileType = text.xcconfig; name = Pods.debug.xcconfig; path = "Pods/Target Support Files/Pods/Pods.debug.xcconfig"; sourceTree = "<group>"; };
/* End PBXFileReference section */

/* Begin PBXFrameworksBuildPhase section */
		7FF77A391BA21D3D00F95108 /* Frameworks */ = {
			isa = PBXFrameworksBuildPhase;
			buildActionMask = 2147483647;
			files = (
				7F30E2CC1BA9FD4F00B13EB6 /* MobileCoreServices.framework in Frameworks */,
				B3E6E10CC1D5BC9C39EECE54 /* libPods.a in Frameworks */,
			);
			runOnlyForDeploymentPostprocessing = 0;
		};
		7FF77A521BA21D3E00F95108 /* Frameworks */ = {
			isa = PBXFrameworksBuildPhase;
			buildActionMask = 2147483647;
			files = (
			);
			runOnlyForDeploymentPostprocessing = 0;
		};
/* End PBXFrameworksBuildPhase section */

/* Begin PBXGroup section */
		29F262EC4081515D124B2D08 /* Frameworks */ = {
			isa = PBXGroup;
			children = (
				7F30E2CB1BA9FD4F00B13EB6 /* MobileCoreServices.framework */,
				7D86E3F272A850709A0EA1B7 /* libPods.a */,
			);
			name = Frameworks;
			sourceTree = "<group>";
		};
		7F30E2C51BA7300C00B13EB6 /* SearchGifViewController */ = {
			isa = PBXGroup;
			children = (
				7FF77A881BA5EB0300F95108 /* SearchGifViewController.h */,
				7FF77A891BA5EB0300F95108 /* SearchGifViewController.m */,
				7F30E2C21BA7300700B13EB6 /* SearchResultsHeaderView.h */,
				7F30E2C31BA7300700B13EB6 /* SearchResultsHeaderView.m */,
			);
			name = SearchGifViewController;
			sourceTree = "<group>";
		};
		7FF77A331BA21D3D00F95108 = {
			isa = PBXGroup;
			children = (
				7FF77A3E1BA21D3D00F95108 /* GiphyClient */,
				7FF77A4C1BA21D3D00F95108 /* Images.xcassets */,
				7FF77A4E1BA21D3D00F95108 /* LaunchScreen.xib */,
				7FF77A581BA21D3E00F95108 /* GiphyClientTests */,
				7FF77A3D1BA21D3D00F95108 /* Products */,
				E198C69A12A58DE942E2542B /* Pods */,
				29F262EC4081515D124B2D08 /* Frameworks */,
			);
			sourceTree = "<group>";
		};
		7FF77A3D1BA21D3D00F95108 /* Products */ = {
			isa = PBXGroup;
			children = (
				7FF77A3C1BA21D3D00F95108 /* GiphyClient.app */,
				7FF77A551BA21D3E00F95108 /* GiphyClientTests.xctest */,
			);
			name = Products;
			sourceTree = "<group>";
		};
		7FF77A3E1BA21D3D00F95108 /* GiphyClient */ = {
			isa = PBXGroup;
			children = (
				7FF77A431BA21D3D00F95108 /* AppDelegate.h */,
				7FF77A441BA21D3D00F95108 /* AppDelegate.m */,
				7FF77A7B1BA3D82C00F95108 /* GifDisplayViewController.h */,
				7FF77A7C1BA3D82C00F95108 /* GifDisplayViewController.m */,
				7F30E2C81BA9301A00B13EB6 /* GifCollectionViewCell.h */,
				7F30E2C91BA9301A00B13EB6 /* GifCollectionViewCell.m */,
				7FF77A651BA31DD200F95108 /* TrendingViewController.h */,
				7FF77A661BA31DD200F95108 /* TrendingViewController.m */,
				7F30E2C51BA7300C00B13EB6 /* SearchGifViewController */,
				7FF77A861BA494E000F95108 /* SingleGifViewController */,
				7FF77A871BA4950000F95108 /* Singleton Managers */,
				7FF77A6B1BA3362100F95108 /* Constants.h */,
				7FF77A3F1BA21D3D00F95108 /* Supporting Files */,
			);
			path = GiphyClient;
			sourceTree = "<group>";
		};
		7FF77A3F1BA21D3D00F95108 /* Supporting Files */ = {
			isa = PBXGroup;
			children = (
				7F30E2C61BA8C20500B13EB6 /* nyan.png */,
				7FF77A401BA21D3D00F95108 /* Info.plist */,
				7FF77A411BA21D3D00F95108 /* main.m */,
			);
			name = "Supporting Files";
			sourceTree = "<group>";
		};
		7FF77A581BA21D3E00F95108 /* GiphyClientTests */ = {
			isa = PBXGroup;
			children = (
				7FF77A5B1BA21D3E00F95108 /* GiphyClientTests.m */,
				7FF77A591BA21D3E00F95108 /* Supporting Files */,
			);
			path = GiphyClientTests;
			sourceTree = "<group>";
		};
		7FF77A591BA21D3E00F95108 /* Supporting Files */ = {
			isa = PBXGroup;
			children = (
				7FF77A5A1BA21D3E00F95108 /* Info.plist */,
			);
			name = "Supporting Files";
			sourceTree = "<group>";
		};
		7FF77A861BA494E000F95108 /* SingleGifViewController */ = {
			isa = PBXGroup;
			children = (
				7FF77A7E1BA3DA7C00F95108 /* SingleGifViewController.h */,
				7FF77A7F1BA3DA7C00F95108 /* SingleGifViewController.m */,
				7FF77A811BA3DCBD00F95108 /* SingleGifView.h */,
				7FF77A821BA3DCBD00F95108 /* SingleGifView.m */,
			);
			name = SingleGifViewController;
			sourceTree = "<group>";
		};
		7FF77A871BA4950000F95108 /* Singleton Managers */ = {
			isa = PBXGroup;
			children = (
				7FF77A681BA32AB300F95108 /* APIManager.h */,
				7FF77A691BA32AB300F95108 /* APIManager.m */,
			);
			name = "Singleton Managers";
			sourceTree = "<group>";
		};
		E198C69A12A58DE942E2542B /* Pods */ = {
			isa = PBXGroup;
			children = (
				E0EF5E59030D435DD4F4355B /* Pods.debug.xcconfig */,
				A034F8298B5D7D57738196F6 /* Pods.release.xcconfig */,
			);
			name = Pods;
			sourceTree = "<group>";
		};
/* End PBXGroup section */

/* Begin PBXNativeTarget section */
		7FF77A3B1BA21D3D00F95108 /* GiphyClient */ = {
			isa = PBXNativeTarget;
			buildConfigurationList = 7FF77A5F1BA21D3E00F95108 /* Build configuration list for PBXNativeTarget "GiphyClient" */;
			buildPhases = (
				B6C0F5C9DF1E40B9C7C3E911 /* Check Pods Manifest.lock */,
				7FF77A381BA21D3D00F95108 /* Sources */,
				7FF77A391BA21D3D00F95108 /* Frameworks */,
				7FF77A3A1BA21D3D00F95108 /* Resources */,
				61794CE2F23B0C1D6145D513 /* Copy Pods Resources */,
			);
			buildRules = (
			);
			dependencies = (
			);
			name = GiphyClient;
			productName = GiphyClient;
			productReference = 7FF77A3C1BA21D3D00F95108 /* GiphyClient.app */;
			productType = "com.apple.product-type.application";
		};
		7FF77A541BA21D3E00F95108 /* GiphyClientTests */ = {
			isa = PBXNativeTarget;
			buildConfigurationList = 7FF77A621BA21D3E00F95108 /* Build configuration list for PBXNativeTarget "GiphyClientTests" */;
			buildPhases = (
				7FF77A511BA21D3E00F95108 /* Sources */,
				7FF77A521BA21D3E00F95108 /* Frameworks */,
				7FF77A531BA21D3E00F95108 /* Resources */,
			);
			buildRules = (
			);
			dependencies = (
				7FF77A571BA21D3E00F95108 /* PBXTargetDependency */,
			);
			name = GiphyClientTests;
			productName = GiphyClientTests;
			productReference = 7FF77A551BA21D3E00F95108 /* GiphyClientTests.xctest */;
			productType = "com.apple.product-type.bundle.unit-test";
		};
/* End PBXNativeTarget section */

/* Begin PBXProject section */
		7FF77A341BA21D3D00F95108 /* Project object */ = {
			isa = PBXProject;
			attributes = {
				LastUpgradeCheck = 0640;
				ORGANIZATIONNAME = byteMason;
				TargetAttributes = {
					7FF77A3B1BA21D3D00F95108 = {
						CreatedOnToolsVersion = 6.4;
					};
					7FF77A541BA21D3E00F95108 = {
						CreatedOnToolsVersion = 6.4;
						TestTargetID = 7FF77A3B1BA21D3D00F95108;
					};
				};
			};
			buildConfigurationList = 7FF77A371BA21D3D00F95108 /* Build configuration list for PBXProject "GiphyClient" */;
			compatibilityVersion = "Xcode 3.2";
			developmentRegion = English;
			hasScannedForEncodings = 0;
			knownRegions = (
				en,
				Base,
			);
			mainGroup = 7FF77A331BA21D3D00F95108;
			productRefGroup = 7FF77A3D1BA21D3D00F95108 /* Products */;
			projectDirPath = "";
			projectRoot = "";
			targets = (
				7FF77A3B1BA21D3D00F95108 /* GiphyClient */,
				7FF77A541BA21D3E00F95108 /* GiphyClientTests */,
			);
		};
/* End PBXProject section */

/* Begin PBXResourcesBuildPhase section */
		7FF77A3A1BA21D3D00F95108 /* Resources */ = {
			isa = PBXResourcesBuildPhase;
			buildActionMask = 2147483647;
			files = (
				7FF77A501BA21D3D00F95108 /* LaunchScreen.xib in Resources */,
				7FF77A4D1BA21D3D00F95108 /* Images.xcassets in Resources */,
				7F30E2C71BA8C20500B13EB6 /* nyan.png in Resources */,
			);
			runOnlyForDeploymentPostprocessing = 0;
		};
		7FF77A531BA21D3E00F95108 /* Resources */ = {
			isa = PBXResourcesBuildPhase;
			buildActionMask = 2147483647;
			files = (
			);
			runOnlyForDeploymentPostprocessing = 0;
		};
/* End PBXResourcesBuildPhase section */

/* Begin PBXShellScriptBuildPhase section */
		61794CE2F23B0C1D6145D513 /* Copy Pods Resources */ = {
			isa = PBXShellScriptBuildPhase;
			buildActionMask = 2147483647;
			files = (
			);
			inputPaths = (
			);
			name = "Copy Pods Resources";
			outputPaths = (
			);
			runOnlyForDeploymentPostprocessing = 0;
			shellPath = /bin/sh;
			shellScript = "\"${SRCROOT}/Pods/Target Support Files/Pods/Pods-resources.sh\"\n";
			showEnvVarsInLog = 0;
		};
		B6C0F5C9DF1E40B9C7C3E911 /* Check Pods Manifest.lock */ = {
			isa = PBXShellScriptBuildPhase;
			buildActionMask = 2147483647;
			files = (
			);
			inputPaths = (
			);
			name = "Check Pods Manifest.lock";
			outputPaths = (
			);
			runOnlyForDeploymentPostprocessing = 0;
			shellPath = /bin/sh;
			shellScript = "diff \"${PODS_ROOT}/../Podfile.lock\" \"${PODS_ROOT}/Manifest.lock\" > /dev/null\nif [[ $? != 0 ]] ; then\n    cat << EOM\nerror: The sandbox is not in sync with the Podfile.lock. Run 'pod install' or update your CocoaPods installation.\nEOM\n    exit 1\nfi\n";
			showEnvVarsInLog = 0;
		};
/* End PBXShellScriptBuildPhase section */

/* Begin PBXSourcesBuildPhase section */
		7FF77A381BA21D3D00F95108 /* Sources */ = {
			isa = PBXSourcesBuildPhase;
			buildActionMask = 2147483647;
			files = (
				7FF77A6A1BA32AB300F95108 /* APIManager.m in Sources */,
				7F30E2CA1BA9301A00B13EB6 /* GifCollectionViewCell.m in Sources */,
				7FF77A831BA3DCBD00F95108 /* SingleGifView.m in Sources */,
				7FF77A7D1BA3D82C00F95108 /* GifDisplayViewController.m in Sources */,
				7FF77A671BA31DD200F95108 /* TrendingViewController.m in Sources */,
				7FF77A451BA21D3D00F95108 /* AppDelegate.m in Sources */,
				7FF77A421BA21D3D00F95108 /* main.m in Sources */,
				7F30E2C41BA7300700B13EB6 /* SearchResultsHeaderView.m in Sources */,
				7FF77A801BA3DA7C00F95108 /* SingleGifViewController.m in Sources */,
				7FF77A8A1BA5EB0300F95108 /* SearchGifViewController.m in Sources */,
			);
			runOnlyForDeploymentPostprocessing = 0;
		};
		7FF77A511BA21D3E00F95108 /* Sources */ = {
			isa = PBXSourcesBuildPhase;
			buildActionMask = 2147483647;
			files = (
				7FF77A5C1BA21D3E00F95108 /* GiphyClientTests.m in Sources */,
			);
			runOnlyForDeploymentPostprocessing = 0;
		};
/* End PBXSourcesBuildPhase section */

/* Begin PBXTargetDependency section */
		7FF77A571BA21D3E00F95108 /* PBXTargetDependency */ = {
			isa = PBXTargetDependency;
			target = 7FF77A3B1BA21D3D00F95108 /* GiphyClient */;
			targetProxy = 7FF77A561BA21D3E00F95108 /* PBXContainerItemProxy */;
		};
/* End PBXTargetDependency section */

/* Begin PBXVariantGroup section */
		7FF77A4E1BA21D3D00F95108 /* LaunchScreen.xib */ = {
			isa = PBXVariantGroup;
			children = (
				7FF77A4F1BA21D3D00F95108 /* Base */,
			);
			name = LaunchScreen.xib;
			path = GiphyClient;
			sourceTree = "<group>";
		};
/* End PBXVariantGroup section */

/* Begin XCBuildConfiguration section */
		7FF77A5D1BA21D3E00F95108 /* Debug */ = {
			isa = XCBuildConfiguration;
			buildSettings = {
				ALWAYS_SEARCH_USER_PATHS = NO;
				CLANG_CXX_LANGUAGE_STANDARD = "gnu++0x";
				CLANG_CXX_LIBRARY = "libc++";
				CLANG_ENABLE_MODULES = YES;
				CLANG_ENABLE_OBJC_ARC = YES;
				CLANG_WARN_BOOL_CONVERSION = YES;
				CLANG_WARN_CONSTANT_CONVERSION = YES;
				CLANG_WARN_DIRECT_OBJC_ISA_USAGE = YES_ERROR;
				CLANG_WARN_EMPTY_BODY = YES;
				CLANG_WARN_ENUM_CONVERSION = YES;
				CLANG_WARN_INT_CONVERSION = YES;
				CLANG_WARN_OBJC_ROOT_CLASS = YES_ERROR;
				CLANG_WARN_UNREACHABLE_CODE = YES;
				CLANG_WARN__DUPLICATE_METHOD_MATCH = YES;
				"CODE_SIGN_IDENTITY[sdk=iphoneos*]" = "iPhone Developer";
				COPY_PHASE_STRIP = NO;
				DEBUG_INFORMATION_FORMAT = "dwarf-with-dsym";
				ENABLE_STRICT_OBJC_MSGSEND = YES;
				GCC_C_LANGUAGE_STANDARD = gnu99;
				GCC_DYNAMIC_NO_PIC = NO;
				GCC_NO_COMMON_BLOCKS = YES;
				GCC_OPTIMIZATION_LEVEL = 0;
				GCC_PREPROCESSOR_DEFINITIONS = (
					"DEBUG=1",
					"$(inherited)",
				);
				GCC_SYMBOLS_PRIVATE_EXTERN = NO;
				GCC_WARN_64_TO_32_BIT_CONVERSION = YES;
				GCC_WARN_ABOUT_RETURN_TYPE = YES_ERROR;
				GCC_WARN_UNDECLARED_SELECTOR = YES;
				GCC_WARN_UNINITIALIZED_AUTOS = YES_AGGRESSIVE;
				GCC_WARN_UNUSED_FUNCTION = YES;
				GCC_WARN_UNUSED_VARIABLE = YES;
				IPHONEOS_DEPLOYMENT_TARGET = 8.4;
				MTL_ENABLE_DEBUG_INFO = YES;
				ONLY_ACTIVE_ARCH = YES;
				SDKROOT = iphoneos;
				TARGETED_DEVICE_FAMILY = "1,2";
			};
			name = Debug;
		};
		7FF77A5E1BA21D3E00F95108 /* Release */ = {
			isa = XCBuildConfiguration;
			buildSettings = {
				ALWAYS_SEARCH_USER_PATHS = NO;
				CLANG_CXX_LANGUAGE_STANDARD = "gnu++0x";
				CLANG_CXX_LIBRARY = "libc++";
				CLANG_ENABLE_MODULES = YES;
				CLANG_ENABLE_OBJC_ARC = YES;
				CLANG_WARN_BOOL_CONVERSION = YES;
				CLANG_WARN_CONSTANT_CONVERSION = YES;
				CLANG_WARN_DIRECT_OBJC_ISA_USAGE = YES_ERROR;
				CLANG_WARN_EMPTY_BODY = YES;
				CLANG_WARN_ENUM_CONVERSION = YES;
				CLANG_WARN_INT_CONVERSION = YES;
				CLANG_WARN_OBJC_ROOT_CLASS = YES_ERROR;
				CLANG_WARN_UNREACHABLE_CODE = YES;
				CLANG_WARN__DUPLICATE_METHOD_MATCH = YES;
				"CODE_SIGN_IDENTITY[sdk=iphoneos*]" = "iPhone Developer";
				COPY_PHASE_STRIP = NO;
				DEBUG_INFORMATION_FORMAT = "dwarf-with-dsym";
				ENABLE_NS_ASSERTIONS = NO;
				ENABLE_STRICT_OBJC_MSGSEND = YES;
				GCC_C_LANGUAGE_STANDARD = gnu99;
				GCC_NO_COMMON_BLOCKS = YES;
				GCC_WARN_64_TO_32_BIT_CONVERSION = YES;
				GCC_WARN_ABOUT_RETURN_TYPE = YES_ERROR;
				GCC_WARN_UNDECLARED_SELECTOR = YES;
				GCC_WARN_UNINITIALIZED_AUTOS = YES_AGGRESSIVE;
				GCC_WARN_UNUSED_FUNCTION = YES;
				GCC_WARN_UNUSED_VARIABLE = YES;
				IPHONEOS_DEPLOYMENT_TARGET = 8.4;
				MTL_ENABLE_DEBUG_INFO = NO;
				SDKROOT = iphoneos;
				TARGETED_DEVICE_FAMILY = "1,2";
				VALIDATE_PRODUCT = YES;
			};
			name = Release;
		};
		7FF77A601BA21D3E00F95108 /* Debug */ = {
			isa = XCBuildConfiguration;
			baseConfigurationReference = E0EF5E59030D435DD4F4355B /* Pods.debug.xcconfig */;
			buildSettings = {
				ASSETCATALOG_COMPILER_APPICON_NAME = AppIcon;
				INFOPLIST_FILE = GiphyClient/Info.plist;
				LD_RUNPATH_SEARCH_PATHS = "$(inherited) @executable_path/Frameworks";
				PRODUCT_NAME = "$(TARGET_NAME)";
				TARGETED_DEVICE_FAMILY = 1;
			};
			name = Debug;
		};
		7FF77A611BA21D3E00F95108 /* Release */ = {
			isa = XCBuildConfiguration;
			baseConfigurationReference = A034F8298B5D7D57738196F6 /* Pods.release.xcconfig */;
			buildSettings = {
				ASSETCATALOG_COMPILER_APPICON_NAME = AppIcon;
				INFOPLIST_FILE = GiphyClient/Info.plist;
				LD_RUNPATH_SEARCH_PATHS = "$(inherited) @executable_path/Frameworks";
				PRODUCT_NAME = "$(TARGET_NAME)";
				TARGETED_DEVICE_FAMILY = 1;
			};
			name = Release;
		};
		7FF77A631BA21D3E00F95108 /* Debug */ = {
			isa = XCBuildConfiguration;
			buildSettings = {
				BUNDLE_LOADER = "$(TEST_HOST)";
				FRAMEWORK_SEARCH_PATHS = (
					"$(SDKROOT)/Developer/Library/Frameworks",
					"$(inherited)",
				);
				GCC_PREPROCESSOR_DEFINITIONS = (
					"DEBUG=1",
					"$(inherited)",
				);
				INFOPLIST_FILE = GiphyClientTests/Info.plist;
				LD_RUNPATH_SEARCH_PATHS = "$(inherited) @executable_path/Frameworks @loader_path/Frameworks";
				PRODUCT_NAME = "$(TARGET_NAME)";
				TEST_HOST = "$(BUILT_PRODUCTS_DIR)/GiphyClient.app/GiphyClient";
			};
			name = Debug;
		};
		7FF77A641BA21D3E00F95108 /* Release */ = {
			isa = XCBuildConfiguration;
			buildSettings = {
				BUNDLE_LOADER = "$(TEST_HOST)";
				FRAMEWORK_SEARCH_PATHS = (
					"$(SDKROOT)/Developer/Library/Frameworks",
					"$(inherited)",
				);
				INFOPLIST_FILE = GiphyClientTests/Info.plist;
				LD_RUNPATH_SEARCH_PATHS = "$(inherited) @executable_path/Frameworks @loader_path/Frameworks";
				PRODUCT_NAME = "$(TARGET_NAME)";
				TEST_HOST = "$(BUILT_PRODUCTS_DIR)/GiphyClient.app/GiphyClient";
			};
			name = Release;
		};
/* End XCBuildConfiguration section */

/* Begin XCConfigurationList section */
		7FF77A371BA21D3D00F95108 /* Build configuration list for PBXProject "GiphyClient" */ = {
			isa = XCConfigurationList;
			buildConfigurations = (
				7FF77A5D1BA21D3E00F95108 /* Debug */,
				7FF77A5E1BA21D3E00F95108 /* Release */,
			);
			defaultConfigurationIsVisible = 0;
			defaultConfigurationName = Release;
		};
		7FF77A5F1BA21D3E00F95108 /* Build configuration list for PBXNativeTarget "GiphyClient" */ = {
			isa = XCConfigurationList;
			buildConfigurations = (
				7FF77A601BA21D3E00F95108 /* Debug */,
				7FF77A611BA21D3E00F95108 /* Release */,
			);
			defaultConfigurationIsVisible = 0;
			defaultConfigurationName = Release;
		};
		7FF77A621BA21D3E00F95108 /* Build configuration list for PBXNativeTarget "GiphyClientTests" */ = {
			isa = XCConfigurationList;
			buildConfigurations = (
				7FF77A631BA21D3E00F95108 /* Debug */,
				7FF77A641BA21D3E00F95108 /* Release */,
			);
			defaultConfigurationIsVisible = 0;
			defaultConfigurationName = Release;
		};
/* End XCConfigurationList section */
	};
	rootObject = 7FF77A341BA21D3D00F95108 /* Project object */;
}
